
Microsoft Visual Studio Solution File, Format Version 12.00
# Visual Studio 2012
VisualStudioVersion = 12.0.30501.0
MinimumVisualStudioVersion = 10.0.40219.1
Project("{D954291E-2A0B-460D-934E-DC6B0785DB48}") = "XamarinFormsTests", "XamarinFormsTests\XamarinFormsTests.shproj", "{D1264FD6-7264-4201-8E19-2CB6EBCDA87A}"
EndProject
Project("{FAE04EC0-301F-11D3-BF4B-00C04F79EFBC}") = "XamarinFormsTests.iOS", "iOS\XamarinFormsTests.iOS.csproj", "{2F44C787-A619-4A5F-B448-353DD085A706}"
EndProject
Project("{FAE04EC0-301F-11D3-BF4B-00C04F79EFBC}") = "XamarinFormsTests.Android", "Android\XamarinFormsTests.Android.csproj", "{2C249C1F-77CC-4EF7-8DF1-9142776AC623}"
EndProject
Global
	GlobalSection(SolutionConfigurationPlatforms) = preSolution
		Ad-Hoc|Any CPU = Ad-Hoc|Any CPU
		Ad-Hoc|iPhone = Ad-Hoc|iPhone
		Ad-Hoc|iPhoneSimulator = Ad-Hoc|iPhoneSimulator
		AppStore|Any CPU = AppStore|Any CPU
		AppStore|iPhone = AppStore|iPhone
		AppStore|iPhoneSimulator = AppStore|iPhoneSimulator
		Debug|Any CPU = Debug|Any CPU
		Debug|iPhone = Debug|iPhone
		Debug|iPhoneSimulator = Debug|iPhoneSimulator
		Release|Any CPU = Release|Any CPU
		Release|iPhone = Release|iPhone
		Release|iPhoneSimulator = Release|iPhoneSimulator
	EndGlobalSection
	GlobalSection(ProjectConfigurationPlatforms) = postSolution
		{2C249C1F-77CC-4EF7-8DF1-9142776AC623}.Ad-Hoc|Any CPU.ActiveCfg = Debug|Any CPU
		{2C249C1F-77CC-4EF7-8DF1-9142776AC623}.Ad-Hoc|Any CPU.Build.0 = Debug|Any CPU
		{2C249C1F-77CC-4EF7-8DF1-9142776AC623}.Ad-Hoc|Any CPU.Deploy.0 = Debug|Any CPU
		{2C249C1F-77CC-4EF7-8DF1-9142776AC623}.Ad-Hoc|iPhone.ActiveCfg = Release|Any CPU
		{2C249C1F-77CC-4EF7-8DF1-9142776AC623}.Ad-Hoc|iPhone.Build.0 = Release|Any CPU
		{2C249C1F-77CC-4EF7-8DF1-9142776AC623}.Ad-Hoc|iPhoneSimulator.ActiveCfg = Debug|Any CPU
		{2C249C1F-77CC-4EF7-8DF1-9142776AC623}.AppStore|Any CPU.ActiveCfg = Debug|Any CPU
		{2C249C1F-77CC-4EF7-8DF1-9142776AC623}.AppStore|Any CPU.Build.0 = Debug|Any CPU
		{2C249C1F-77CC-4EF7-8DF1-9142776AC623}.AppStore|Any CPU.Deploy.0 = Debug|Any CPU
		{2C249C1F-77CC-4EF7-8DF1-9142776AC623}.AppStore|iPhone.ActiveCfg = Release|Any CPU
		{2C249C1F-77CC-4EF7-8DF1-9142776AC623}.AppStore|iPhone.Build.0 = Release|Any CPU
		{2C249C1F-77CC-4EF7-8DF1-9142776AC623}.AppStore|iPhoneSimulator.ActiveCfg = Debug|Any CPU
		{2C249C1F-77CC-4EF7-8DF1-9142776AC623}.Debug|Any CPU.ActiveCfg = Debug|Any CPU
		{2C249C1F-77CC-4EF7-8DF1-9142776AC623}.Debug|Any CPU.Build.0 = Debug|Any CPU
		{2C249C1F-77CC-4EF7-8DF1-9142776AC623}.Debug|iPhone.ActiveCfg = Debug|Any CPU
		{2C249C1F-77CC-4EF7-8DF1-9142776AC623}.Debug|iPhone.Build.0 = Debug|Any CPU
		{2C249C1F-77CC-4EF7-8DF1-9142776AC623}.Debug|iPhoneSimulator.ActiveCfg = Debug|Any CPU
		{2C249C1F-77CC-4EF7-8DF1-9142776AC623}.Debug|iPhoneSimulator.Build.0 = Debug|Any CPU
		{2C249C1F-77CC-4EF7-8DF1-9142776AC623}.Release|Any CPU.ActiveCfg = Release|Any CPU
		{2C249C1F-77CC-4EF7-8DF1-9142776AC623}.Release|Any CPU.Build.0 = Release|Any CPU
		{2C249C1F-77CC-4EF7-8DF1-9142776AC623}.Release|iPhone.ActiveCfg = Release|Any CPU
		{2C249C1F-77CC-4EF7-8DF1-9142776AC623}.Release|iPhone.Build.0 = Release|Any CPU
		{2C249C1F-77CC-4EF7-8DF1-9142776AC623}.Release|iPhoneSimulator.ActiveCfg = Release|Any CPU
		{2C249C1F-77CC-4EF7-8DF1-9142776AC623}.Release|iPhoneSimulator.Build.0 = Release|Any CPU
		{2F44C787-A619-4A5F-B448-353DD085A706}.Ad-Hoc|Any CPU.ActiveCfg = Ad-Hoc|iPhoneSimulator
		{2F44C787-A619-4A5F-B448-353DD085A706}.Ad-Hoc|iPhone.ActiveCfg = Ad-Hoc|iPhone
		{2F44C787-A619-4A5F-B448-353DD085A706}.Ad-Hoc|iPhone.Build.0 = Ad-Hoc|iPhone
		{2F44C787-A619-4A5F-B448-353DD085A706}.Ad-Hoc|iPhoneSimulator.ActiveCfg = Ad-Hoc|iPhoneSimulator
		{2F44C787-A619-4A5F-B448-353DD085A706}.Ad-Hoc|iPhoneSimulator.Build.0 = Ad-Hoc|iPhoneSimulator
		{2F44C787-A619-4A5F-B448-353DD085A706}.AppStore|Any CPU.ActiveCfg = AppStore|iPhoneSimulator
		{2F44C787-A619-4A5F-B448-353DD085A706}.AppStore|iPhone.ActiveCfg = AppStore|iPhone
		{2F44C787-A619-4A5F-B448-353DD085A706}.AppStore|iPhone.Build.0 = AppStore|iPhone
		{2F44C787-A619-4A5F-B448-353DD085A706}.AppStore|iPhoneSimulator.ActiveCfg = AppStore|iPhoneSimulator
		{2F44C787-A619-4A5F-B448-353DD085A706}.AppStore|iPhoneSimulator.Build.0 = AppStore|iPhoneSimulator
		{2F44C787-A619-4A5F-B448-353DD085A706}.Debug|Any CPU.ActiveCfg = Debug|iPhoneSimulator
		{2F44C787-A619-4A5F-B448-353DD085A706}.Debug|Any CPU.Build.0 = Debug|iPhoneSimulator
		{2F44C787-A619-4A5F-B448-353DD085A706}.Debug|iPhone.ActiveCfg = Debug|iPhone
		{2F44C787-A619-4A5F-B448-353DD085A706}.Debug|iPhone.Build.0 = Debug|iPhone
		{2F44C787-A619-4A5F-B448-353DD085A706}.Debug|iPhoneSimulator.ActiveCfg = Debug|iPhoneSimulator
		{2F44C787-A619-4A5F-B448-353DD085A706}.Debug|iPhoneSimulator.Build.0 = Debug|iPhoneSimulator
		{2F44C787-A619-4A5F-B448-353DD085A706}.Release|Any CPU.ActiveCfg = Release|iPhoneSimulator
		{2F44C787-A619-4A5F-B448-353DD085A706}.Release|Any CPU.Build.0 = Release|iPhoneSimulator
		{2F44C787-A619-4A5F-B448-353DD085A706}.Release|iPhone.ActiveCfg = Release|iPhone
		{2F44C787-A619-4A5F-B448-353DD085A706}.Release|iPhone.Build.0 = Release|iPhone
		{2F44C787-A619-4A5F-B448-353DD085A706}.Release|iPhoneSimulator.ActiveCfg = Release|iPhoneSimulator
		{2F44C787-A619-4A5F-B448-353DD085A706}.Release|iPhoneSimulator.Build.0 = Release|iPhoneSimulator
	EndGlobalSection
	GlobalSection(MonoDevelopProperties) = preSolution
		StartupItem = Android\XamarinFormsTests.Android.csproj
	EndGlobalSection
	GlobalSection(SharedMSBuildProjectFiles) = preSolution
		XamarinFormsTests\XamarinFormsTests.projitems*{d1264fd6-7264-4201-8e19-2cb6ebcda87a}*SharedItemsImports = 13
		XamarinFormsTests\XamarinFormsTests.projitems*{2f44c787-a619-4a5f-b448-353dd085a706}*SharedItemsImports = 4
		XamarinFormsTests\XamarinFormsTests.projitems*{2c249c1f-77cc-4ef7-8df1-9142776ac623}*SharedItemsImports = 4
	EndGlobalSection
	GlobalSection(SolutionProperties) = preSolution
		HideSolutionNode = FALSE
	EndGlobalSection
EndGlobal
